// !$*UTF8*$!
{
	archiveVersion = 1;
	classes = {
	};
	objectVersion = 51;
	objects = {

/* Begin PBXBuildFile section */
		57976F852459D0E9008C7D8C /* NewsViewModelProtocol.swift in Sources */ = {isa = PBXBuildFile; fileRef = 57976F842459D0E9008C7D8C /* NewsViewModelProtocol.swift */; };
		57976F872459D0F6008C7D8C /* NewsViewModel.swift in Sources */ = {isa = PBXBuildFile; fileRef = 57976F862459D0F6008C7D8C /* NewsViewModel.swift */; };
		57976F892459D3ED008C7D8C /* NewsTarget.swift in Sources */ = {isa = PBXBuildFile; fileRef = 57976F882459D3ED008C7D8C /* NewsTarget.swift */; };
		57976F8A2459DF8D008C7D8C /* NewsModel.swift in Sources */ = {isa = PBXBuildFile; fileRef = 57976F822459D055008C7D8C /* NewsModel.swift */; };
		57976F8D2459F2B0008C7D8C /* DetailViewController.swift in Sources */ = {isa = PBXBuildFile; fileRef = 57976F8C2459F2B0008C7D8C /* DetailViewController.swift */; };
		57976F902459F549008C7D8C /* AuthorView.swift in Sources */ = {isa = PBXBuildFile; fileRef = 57976F8F2459F549008C7D8C /* AuthorView.swift */; };
		57976F922459F623008C7D8C /* DateView.swift in Sources */ = {isa = PBXBuildFile; fileRef = 57976F912459F623008C7D8C /* DateView.swift */; };
		57976F942459FF56008C7D8C /* TitleNewsView.swift in Sources */ = {isa = PBXBuildFile; fileRef = 57976F932459FF56008C7D8C /* TitleNewsView.swift */; };
		57976F962459FFE3008C7D8C /* ImageNewsView.swift in Sources */ = {isa = PBXBuildFile; fileRef = 57976F952459FFE3008C7D8C /* ImageNewsView.swift */; };
		57CF4E1024544DC9005B92CB /* AppDelegate.swift in Sources */ = {isa = PBXBuildFile; fileRef = 57CF4E0F24544DC9005B92CB /* AppDelegate.swift */; };
		57CF4E1224544DC9005B92CB /* SceneDelegate.swift in Sources */ = {isa = PBXBuildFile; fileRef = 57CF4E1124544DC9005B92CB /* SceneDelegate.swift */; };
		57CF4E1424544DC9005B92CB /* ViewController.swift in Sources */ = {isa = PBXBuildFile; fileRef = 57CF4E1324544DC9005B92CB /* ViewController.swift */; };
		57CF4E1724544DC9005B92CB /* Main.storyboard in Resources */ = {isa = PBXBuildFile; fileRef = 57CF4E1524544DC9005B92CB /* Main.storyboard */; };
		57CF4E1924544DD0005B92CB /* Assets.xcassets in Resources */ = {isa = PBXBuildFile; fileRef = 57CF4E1824544DD0005B92CB /* Assets.xcassets */; };
		57CF4E1C24544DD0005B92CB /* LaunchScreen.storyboard in Resources */ = {isa = PBXBuildFile; fileRef = 57CF4E1A24544DD0005B92CB /* LaunchScreen.storyboard */; };
		57CF4E2924546042005B92CB /* NewsTableViewCell.swift in Sources */ = {isa = PBXBuildFile; fileRef = 57CF4E2824546042005B92CB /* NewsTableViewCell.swift */; };
		57CF4E332454D152005B92CB /* PTRootUI-Bold.ttf in Resources */ = {isa = PBXBuildFile; fileRef = 57CF4E2F2454D152005B92CB /* PTRootUI-Bold.ttf */; };
		57CF4E342454D152005B92CB /* PTRootUI-Light.ttf in Resources */ = {isa = PBXBuildFile; fileRef = 57CF4E302454D152005B92CB /* PTRootUI-Light.ttf */; };
		57CF4E352454D152005B92CB /* PTRootUI-Medium.ttf in Resources */ = {isa = PBXBuildFile; fileRef = 57CF4E312454D152005B92CB /* PTRootUI-Medium.ttf */; };
		57CF4E362454D152005B92CB /* PTRootUI-Regular.ttf in Resources */ = {isa = PBXBuildFile; fileRef = 57CF4E322454D152005B92CB /* PTRootUI-Regular.ttf */; };
		57CF4E382454DED4005B92CB /* Target.swift in Sources */ = {isa = PBXBuildFile; fileRef = 57CF4E372454DED4005B92CB /* Target.swift */; };
		F1A4C204CEEFCAD484D02E00 /* Pods_testTask.framework in Frameworks */ = {isa = PBXBuildFile; fileRef = 20F45399762B7930B1898A0E /* Pods_testTask.framework */; };
/* End PBXBuildFile section */

/* Begin PBXFileReference section */
		20F45399762B7930B1898A0E /* Pods_testTask.framework */ = {isa = PBXFileReference; explicitFileType = wrapper.framework; includeInIndex = 0; path = Pods_testTask.framework; sourceTree = BUILT_PRODUCTS_DIR; };
		4D9BF9698DD70D0C8F71FDC3 /* Pods-testTask.debug.xcconfig */ = {isa = PBXFileReference; includeInIndex = 1; lastKnownFileType = text.xcconfig; name = "Pods-testTask.debug.xcconfig"; path = "Target Support Files/Pods-testTask/Pods-testTask.debug.xcconfig"; sourceTree = "<group>"; };
		57976F822459D055008C7D8C /* NewsModel.swift */ = {isa = PBXFileReference; lastKnownFileType = sourcecode.swift; path = NewsModel.swift; sourceTree = "<group>"; };
		57976F842459D0E9008C7D8C /* NewsViewModelProtocol.swift */ = {isa = PBXFileReference; lastKnownFileType = sourcecode.swift; path = NewsViewModelProtocol.swift; sourceTree = "<group>"; };
		57976F862459D0F6008C7D8C /* NewsViewModel.swift */ = {isa = PBXFileReference; lastKnownFileType = sourcecode.swift; path = NewsViewModel.swift; sourceTree = "<group>"; };
		57976F882459D3ED008C7D8C /* NewsTarget.swift */ = {isa = PBXFileReference; lastKnownFileType = sourcecode.swift; path = NewsTarget.swift; sourceTree = "<group>"; };
		57976F8C2459F2B0008C7D8C /* DetailViewController.swift */ = {isa = PBXFileReference; lastKnownFileType = sourcecode.swift; path = DetailViewController.swift; sourceTree = "<group>"; };
		57976F8F2459F549008C7D8C /* AuthorView.swift */ = {isa = PBXFileReference; lastKnownFileType = sourcecode.swift; path = AuthorView.swift; sourceTree = "<group>"; };
		57976F912459F623008C7D8C /* DateView.swift */ = {isa = PBXFileReference; lastKnownFileType = sourcecode.swift; path = DateView.swift; sourceTree = "<group>"; };
		57976F932459FF56008C7D8C /* TitleNewsView.swift */ = {isa = PBXFileReference; lastKnownFileType = sourcecode.swift; path = TitleNewsView.swift; sourceTree = "<group>"; };
		57976F952459FFE3008C7D8C /* ImageNewsView.swift */ = {isa = PBXFileReference; lastKnownFileType = sourcecode.swift; path = ImageNewsView.swift; sourceTree = "<group>"; };
		57CF4E0C24544DC9005B92CB /* testTask.app */ = {isa = PBXFileReference; explicitFileType = wrapper.application; includeInIndex = 0; path = testTask.app; sourceTree = BUILT_PRODUCTS_DIR; };
		57CF4E0F24544DC9005B92CB /* AppDelegate.swift */ = {isa = PBXFileReference; lastKnownFileType = sourcecode.swift; path = AppDelegate.swift; sourceTree = "<group>"; };
		57CF4E1124544DC9005B92CB /* SceneDelegate.swift */ = {isa = PBXFileReference; lastKnownFileType = sourcecode.swift; path = SceneDelegate.swift; sourceTree = "<group>"; };
		57CF4E1324544DC9005B92CB /* ViewController.swift */ = {isa = PBXFileReference; lastKnownFileType = sourcecode.swift; path = ViewController.swift; sourceTree = "<group>"; };
		57CF4E1624544DC9005B92CB /* Base */ = {isa = PBXFileReference; lastKnownFileType = file.storyboard; name = Base; path = Base.lproj/Main.storyboard; sourceTree = "<group>"; };
		57CF4E1824544DD0005B92CB /* Assets.xcassets */ = {isa = PBXFileReference; lastKnownFileType = folder.assetcatalog; path = Assets.xcassets; sourceTree = "<group>"; };
		57CF4E1B24544DD0005B92CB /* Base */ = {isa = PBXFileReference; lastKnownFileType = file.storyboard; name = Base; path = Base.lproj/LaunchScreen.storyboard; sourceTree = "<group>"; };
		57CF4E1D24544DD0005B92CB /* Info.plist */ = {isa = PBXFileReference; lastKnownFileType = text.plist.xml; path = Info.plist; sourceTree = "<group>"; };
		57CF4E2824546042005B92CB /* NewsTableViewCell.swift */ = {isa = PBXFileReference; lastKnownFileType = sourcecode.swift; path = NewsTableViewCell.swift; sourceTree = "<group>"; };
		57CF4E2F2454D152005B92CB /* PTRootUI-Bold.ttf */ = {isa = PBXFileReference; lastKnownFileType = file; path = "PTRootUI-Bold.ttf"; sourceTree = "<group>"; };
		57CF4E302454D152005B92CB /* PTRootUI-Light.ttf */ = {isa = PBXFileReference; lastKnownFileType = file; path = "PTRootUI-Light.ttf"; sourceTree = "<group>"; };
		57CF4E312454D152005B92CB /* PTRootUI-Medium.ttf */ = {isa = PBXFileReference; lastKnownFileType = file; path = "PTRootUI-Medium.ttf"; sourceTree = "<group>"; };
		57CF4E322454D152005B92CB /* PTRootUI-Regular.ttf */ = {isa = PBXFileReference; lastKnownFileType = file; path = "PTRootUI-Regular.ttf"; sourceTree = "<group>"; };
		57CF4E372454DED4005B92CB /* Target.swift */ = {isa = PBXFileReference; lastKnownFileType = sourcecode.swift; path = Target.swift; sourceTree = "<group>"; };
		B528E6475578F59604BEBB30 /* Pods-testTask.release.xcconfig */ = {isa = PBXFileReference; includeInIndex = 1; lastKnownFileType = text.xcconfig; name = "Pods-testTask.release.xcconfig"; path = "Target Support Files/Pods-testTask/Pods-testTask.release.xcconfig"; sourceTree = "<group>"; };
/* End PBXFileReference section */

/* Begin PBXFrameworksBuildPhase section */
		57CF4E0924544DC9005B92CB /* Frameworks */ = {
			isa = PBXFrameworksBuildPhase;
			buildActionMask = 2147483647;
			files = (
				F1A4C204CEEFCAD484D02E00 /* Pods_testTask.framework in Frameworks */,
			);
			runOnlyForDeploymentPostprocessing = 0;
		};
/* End PBXFrameworksBuildPhase section */

/* Begin PBXGroup section */
		0B95A937944B85AD880FF777 /* Frameworks */ = {
			isa = PBXGroup;
			children = (
				20F45399762B7930B1898A0E /* Pods_testTask.framework */,
			);
			name = Frameworks;
			sourceTree = "<group>";
		};
		57976F8B2459F28D008C7D8C /* DetailScreenModule */ = {
			isa = PBXGroup;
			children = (
				57976F8C2459F2B0008C7D8C /* DetailViewController.swift */,
			);
			path = DetailScreenModule;
			sourceTree = "<group>";
		};
		57976F8E2459F530008C7D8C /* View */ = {
			isa = PBXGroup;
			children = (
				57976F8F2459F549008C7D8C /* AuthorView.swift */,
				57976F912459F623008C7D8C /* DateView.swift */,
				57976F932459FF56008C7D8C /* TitleNewsView.swift */,
				57976F952459FFE3008C7D8C /* ImageNewsView.swift */,
			);
			path = View;
			sourceTree = "<group>";
		};
		57CF4E0324544DC9005B92CB = {
			isa = PBXGroup;
			children = (
				57CF4E0E24544DC9005B92CB /* testTask */,
				57CF4E0D24544DC9005B92CB /* Products */,
				C7D682215FE7334887913D2D /* Pods */,
				0B95A937944B85AD880FF777 /* Frameworks */,
			);
			sourceTree = "<group>";
		};
		57CF4E0D24544DC9005B92CB /* Products */ = {
			isa = PBXGroup;
			children = (
				57CF4E0C24544DC9005B92CB /* testTask.app */,
			);
			name = Products;
			sourceTree = "<group>";
		};
		57CF4E0E24544DC9005B92CB /* testTask */ = {
			isa = PBXGroup;
			children = (
				57CF4E2424544E71005B92CB /* Resources */,
				57CF4E2324544E4E005B92CB /* Sources */,
				57CF4E1D24544DD0005B92CB /* Info.plist */,
			);
			path = testTask;
			sourceTree = "<group>";
		};
		57CF4E2324544E4E005B92CB /* Sources */ = {
			isa = PBXGroup;
			children = (
				57976F8E2459F530008C7D8C /* View */,
				57976F8B2459F28D008C7D8C /* DetailScreenModule */,
				57CF4E2524545E49005B92CB /* NewsScreenModule */,
				57CF4E0F24544DC9005B92CB /* AppDelegate.swift */,
				57CF4E1124544DC9005B92CB /* SceneDelegate.swift */,
				57CF4E1524544DC9005B92CB /* Main.storyboard */,
				57CF4E1A24544DD0005B92CB /* LaunchScreen.storyboard */,
				57CF4E372454DED4005B92CB /* Target.swift */,
			);
			path = Sources;
			sourceTree = "<group>";
		};
		57CF4E2424544E71005B92CB /* Resources */ = {
			isa = PBXGroup;
			children = (
				57CF4E2A245464EE005B92CB /* Fonts */,
				57CF4E1824544DD0005B92CB /* Assets.xcassets */,
			);
			path = Resources;
			sourceTree = "<group>";
		};
		57CF4E2524545E49005B92CB /* NewsScreenModule */ = {
			isa = PBXGroup;
			children = (
				57CF4E1324544DC9005B92CB /* ViewController.swift */,
				57CF4E2824546042005B92CB /* NewsTableViewCell.swift */,
				57976F862459D0F6008C7D8C /* NewsViewModel.swift */,
				57976F842459D0E9008C7D8C /* NewsViewModelProtocol.swift */,
				57976F882459D3ED008C7D8C /* NewsTarget.swift */,
				57976F822459D055008C7D8C /* NewsModel.swift */,
			);
			path = NewsScreenModule;
			sourceTree = "<group>";
		};
		57CF4E2A245464EE005B92CB /* Fonts */ = {
			isa = PBXGroup;
			children = (
				57CF4E2F2454D152005B92CB /* PTRootUI-Bold.ttf */,
				57CF4E302454D152005B92CB /* PTRootUI-Light.ttf */,
				57CF4E312454D152005B92CB /* PTRootUI-Medium.ttf */,
				57CF4E322454D152005B92CB /* PTRootUI-Regular.ttf */,
			);
			path = Fonts;
			sourceTree = "<group>";
		};
		C7D682215FE7334887913D2D /* Pods */ = {
			isa = PBXGroup;
			children = (
				4D9BF9698DD70D0C8F71FDC3 /* Pods-testTask.debug.xcconfig */,
				B528E6475578F59604BEBB30 /* Pods-testTask.release.xcconfig */,
			);
			path = Pods;
			sourceTree = "<group>";
		};
/* End PBXGroup section */

/* Begin PBXNativeTarget section */
		57CF4E0B24544DC9005B92CB /* testTask */ = {
			isa = PBXNativeTarget;
			buildConfigurationList = 57CF4E2024544DD0005B92CB /* Build configuration list for PBXNativeTarget "testTask" */;
			buildPhases = (
				21A58AE78D8082EC90B7DCC9 /* [CP] Check Pods Manifest.lock */,
				57CF4E0824544DC9005B92CB /* Sources */,
				57CF4E0924544DC9005B92CB /* Frameworks */,
				57CF4E0A24544DC9005B92CB /* Resources */,
				BA771DB398A84A69B6FB24DE /* [CP] Embed Pods Frameworks */,
			);
			buildRules = (
			);
			dependencies = (
			);
			name = testTask;
			productName = testTask;
			productReference = 57CF4E0C24544DC9005B92CB /* testTask.app */;
			productType = "com.apple.product-type.application";
		};
/* End PBXNativeTarget section */

/* Begin PBXProject section */
		57CF4E0424544DC9005B92CB /* Project object */ = {
			isa = PBXProject;
			attributes = {
				LastSwiftUpdateCheck = 1130;
				LastUpgradeCheck = 1130;
				ORGANIZATIONNAME = thisdjango;
				TargetAttributes = {
					57CF4E0B24544DC9005B92CB = {
						CreatedOnToolsVersion = 11.3.1;
					};
				};
			};
			buildConfigurationList = 57CF4E0724544DC9005B92CB /* Build configuration list for PBXProject "testTask" */;
			compatibilityVersion = "Xcode 9.3";
			developmentRegion = en;
			hasScannedForEncodings = 0;
			knownRegions = (
				en,
				Base,
			);
			mainGroup = 57CF4E0324544DC9005B92CB;
			productRefGroup = 57CF4E0D24544DC9005B92CB /* Products */;
			projectDirPath = "";
			projectRoot = "";
			targets = (
				57CF4E0B24544DC9005B92CB /* testTask */,
			);
		};
/* End PBXProject section */

/* Begin PBXResourcesBuildPhase section */
		57CF4E0A24544DC9005B92CB /* Resources */ = {
			isa = PBXResourcesBuildPhase;
			buildActionMask = 2147483647;
			files = (
				57CF4E1C24544DD0005B92CB /* LaunchScreen.storyboard in Resources */,
				57CF4E352454D152005B92CB /* PTRootUI-Medium.ttf in Resources */,
				57CF4E362454D152005B92CB /* PTRootUI-Regular.ttf in Resources */,
				57CF4E332454D152005B92CB /* PTRootUI-Bold.ttf in Resources */,
				57CF4E342454D152005B92CB /* PTRootUI-Light.ttf in Resources */,
				57CF4E1924544DD0005B92CB /* Assets.xcassets in Resources */,
				57CF4E1724544DC9005B92CB /* Main.storyboard in Resources */,
			);
			runOnlyForDeploymentPostprocessing = 0;
		};
/* End PBXResourcesBuildPhase section */

/* Begin PBXShellScriptBuildPhase section */
		21A58AE78D8082EC90B7DCC9 /* [CP] Check Pods Manifest.lock */ = {
			isa = PBXShellScriptBuildPhase;
			buildActionMask = 2147483647;
			files = (
			);
			inputFileListPaths = (
			);
			inputPaths = (
				"${PODS_PODFILE_DIR_PATH}/Podfile.lock",
				"${PODS_ROOT}/Manifest.lock",
			);
			name = "[CP] Check Pods Manifest.lock";
			outputFileListPaths = (
			);
			outputPaths = (
				"$(DERIVED_FILE_DIR)/Pods-testTask-checkManifestLockResult.txt",
			);
			runOnlyForDeploymentPostprocessing = 0;
			shellPath = /bin/sh;
			shellScript = "diff \"${PODS_PODFILE_DIR_PATH}/Podfile.lock\" \"${PODS_ROOT}/Manifest.lock\" > /dev/null\nif [ $? != 0 ] ; then\n    # print error to STDERR\n    echo \"error: The sandbox is not in sync with the Podfile.lock. Run 'pod install' or update your CocoaPods installation.\" >&2\n    exit 1\nfi\n# This output is used by Xcode 'outputs' to avoid re-running this script phase.\necho \"SUCCESS\" > \"${SCRIPT_OUTPUT_FILE_0}\"\n";
			showEnvVarsInLog = 0;
		};
		BA771DB398A84A69B6FB24DE /* [CP] Embed Pods Frameworks */ = {
			isa = PBXShellScriptBuildPhase;
			buildActionMask = 2147483647;
			files = (
			);
			inputFileListPaths = (
				"${PODS_ROOT}/Target Support Files/Pods-testTask/Pods-testTask-frameworks-${CONFIGURATION}-input-files.xcfilelist",
			);
			name = "[CP] Embed Pods Frameworks";
			outputFileListPaths = (
				"${PODS_ROOT}/Target Support Files/Pods-testTask/Pods-testTask-frameworks-${CONFIGURATION}-output-files.xcfilelist",
			);
			runOnlyForDeploymentPostprocessing = 0;
			shellPath = /bin/sh;
			shellScript = "\"${PODS_ROOT}/Target Support Files/Pods-testTask/Pods-testTask-frameworks.sh\"\n";
			showEnvVarsInLog = 0;
		};
/* End PBXShellScriptBuildPhase section */

/* Begin PBXSourcesBuildPhase section */
		57CF4E0824544DC9005B92CB /* Sources */ = {
			isa = PBXSourcesBuildPhase;
			buildActionMask = 2147483647;
			files = (
				57976F8A2459DF8D008C7D8C /* NewsModel.swift in Sources */,
				57CF4E1424544DC9005B92CB /* ViewController.swift in Sources */,
				57CF4E1024544DC9005B92CB /* AppDelegate.swift in Sources */,
				57CF4E2924546042005B92CB /* NewsTableViewCell.swift in Sources */,
				57976F892459D3ED008C7D8C /* NewsTarget.swift in Sources */,
				57976F962459FFE3008C7D8C /* ImageNewsView.swift in Sources */,
				57976F902459F549008C7D8C /* AuthorView.swift in Sources */,
				57976F922459F623008C7D8C /* DateView.swift in Sources */,
				57CF4E1224544DC9005B92CB /* SceneDelegate.swift in Sources */,
				57CF4E382454DED4005B92CB /* Target.swift in Sources */,
				57976F8D2459F2B0008C7D8C /* DetailViewController.swift in Sources */,
				57976F852459D0E9008C7D8C /* NewsViewModelProtocol.swift in Sources */,
				57976F872459D0F6008C7D8C /* NewsViewModel.swift in Sources */,
				57976F942459FF56008C7D8C /* TitleNewsView.swift in Sources */,
			);
			runOnlyForDeploymentPostprocessing = 0;
		};
/* End PBXSourcesBuildPhase section */

/* Begin PBXVariantGroup section */
		57CF4E1524544DC9005B92CB /* Main.storyboard */ = {
			isa = PBXVariantGroup;
			children = (
				57CF4E1624544DC9005B92CB /* Base */,
			);
			name = Main.storyboard;
			sourceTree = "<group>";
		};
		57CF4E1A24544DD0005B92CB /* LaunchScreen.storyboard */ = {
			isa = PBXVariantGroup;
			children = (
				57CF4E1B24544DD0005B92CB /* Base */,
			);
			name = LaunchScreen.storyboard;
			sourceTree = "<group>";
		};
/* End PBXVariantGroup section */

/* Begin XCBuildConfiguration section */
		57CF4E1E24544DD0005B92CB /* Debug */ = {
			isa = XCBuildConfiguration;
			buildSettings = {
				ALWAYS_SEARCH_USER_PATHS = NO;
				CLANG_ANALYZER_NONNULL = YES;
				CLANG_ANALYZER_NUMBER_OBJECT_CONVERSION = YES_AGGRESSIVE;
				CLANG_CXX_LANGUAGE_STANDARD = "gnu++14";
				CLANG_CXX_LIBRARY = "libc++";
				CLANG_ENABLE_MODULES = YES;
				CLANG_ENABLE_OBJC_ARC = YES;
				CLANG_ENABLE_OBJC_WEAK = YES;
				CLANG_WARN_BLOCK_CAPTURE_AUTORELEASING = YES;
				CLANG_WARN_BOOL_CONVERSION = YES;
				CLANG_WARN_COMMA = YES;
				CLANG_WARN_CONSTANT_CONVERSION = YES;
				CLANG_WARN_DEPRECATED_OBJC_IMPLEMENTATIONS = YES;
				CLANG_WARN_DIRECT_OBJC_ISA_USAGE = YES_ERROR;
				CLANG_WARN_DOCUMENTATION_COMMENTS = YES;
				CLANG_WARN_EMPTY_BODY = YES;
				CLANG_WARN_ENUM_CONVERSION = YES;
				CLANG_WARN_INFINITE_RECURSION = YES;
				CLANG_WARN_INT_CONVERSION = YES;
				CLANG_WARN_NON_LITERAL_NULL_CONVERSION = YES;
				CLANG_WARN_OBJC_IMPLICIT_RETAIN_SELF = YES;
				CLANG_WARN_OBJC_LITERAL_CONVERSION = YES;
				CLANG_WARN_OBJC_ROOT_CLASS = YES_ERROR;
				CLANG_WARN_RANGE_LOOP_ANALYSIS = YES;
				CLANG_WARN_STRICT_PROTOTYPES = YES;
				CLANG_WARN_SUSPICIOUS_MOVE = YES;
				CLANG_WARN_UNGUARDED_AVAILABILITY = YES_AGGRESSIVE;
				CLANG_WARN_UNREACHABLE_CODE = YES;
				CLANG_WARN__DUPLICATE_METHOD_MATCH = YES;
				COPY_PHASE_STRIP = NO;
				DEBUG_INFORMATION_FORMAT = dwarf;
				ENABLE_STRICT_OBJC_MSGSEND = YES;
				ENABLE_TESTABILITY = YES;
				GCC_C_LANGUAGE_STANDARD = gnu11;
				GCC_DYNAMIC_NO_PIC = NO;
				GCC_NO_COMMON_BLOCKS = YES;
				GCC_OPTIMIZATION_LEVEL = 0;
				GCC_PREPROCESSOR_DEFINITIONS = (
					"DEBUG=1",
					"$(inherited)",
				);
				GCC_WARN_64_TO_32_BIT_CONVERSION = YES;
				GCC_WARN_ABOUT_RETURN_TYPE = YES_ERROR;
				GCC_WARN_UNDECLARED_SELECTOR = YES;
				GCC_WARN_UNINITIALIZED_AUTOS = YES_AGGRESSIVE;
				GCC_WARN_UNUSED_FUNCTION = YES;
				GCC_WARN_UNUSED_VARIABLE = YES;
				IPHONEOS_DEPLOYMENT_TARGET = 13.2;
				MTL_ENABLE_DEBUG_INFO = INCLUDE_SOURCE;
				MTL_FAST_MATH = YES;
				ONLY_ACTIVE_ARCH = YES;
				SDKROOT = iphoneos;
				SWIFT_ACTIVE_COMPILATION_CONDITIONS = DEBUG;
				SWIFT_OPTIMIZATION_LEVEL = "-Onone";
			};
			name = Debug;
		};
		57CF4E1F24544DD0005B92CB /* Release */ = {
			isa = XCBuildConfiguration;
			buildSettings = {
				ALWAYS_SEARCH_USER_PATHS = NO;
				CLANG_ANALYZER_NONNULL = YES;
				CLANG_ANALYZER_NUMBER_OBJECT_CONVERSION = YES_AGGRESSIVE;
				CLANG_CXX_LANGUAGE_STANDARD = "gnu++14";
				CLANG_CXX_LIBRARY = "libc++";
				CLANG_ENABLE_MODULES = YES;
				CLANG_ENABLE_OBJC_ARC = YES;
				CLANG_ENABLE_OBJC_WEAK = YES;
				CLANG_WARN_BLOCK_CAPTURE_AUTORELEASING = YES;
				CLANG_WARN_BOOL_CONVERSION = YES;
				CLANG_WARN_COMMA = YES;
				CLANG_WARN_CONSTANT_CONVERSION = YES;
				CLANG_WARN_DEPRECATED_OBJC_IMPLEMENTATIONS = YES;
				CLANG_WARN_DIRECT_OBJC_ISA_USAGE = YES_ERROR;
				CLANG_WARN_DOCUMENTATION_COMMENTS = YES;
				CLANG_WARN_EMPTY_BODY = YES;
				CLANG_WARN_ENUM_CONVERSION = YES;
				CLANG_WARN_INFINITE_RECURSION = YES;
				CLANG_WARN_INT_CONVERSION = YES;
				CLANG_WARN_NON_LITERAL_NULL_CONVERSION = YES;
				CLANG_WARN_OBJC_IMPLICIT_RETAIN_SELF = YES;
				CLANG_WARN_OBJC_LITERAL_CONVERSION = YES;
				CLANG_WARN_OBJC_ROOT_CLASS = YES_ERROR;
				CLANG_WARN_RANGE_LOOP_ANALYSIS = YES;
				CLANG_WARN_STRICT_PROTOTYPES = YES;
				CLANG_WARN_SUSPICIOUS_MOVE = YES;
				CLANG_WARN_UNGUARDED_AVAILABILITY = YES_AGGRESSIVE;
				CLANG_WARN_UNREACHABLE_CODE = YES;
				CLANG_WARN__DUPLICATE_METHOD_MATCH = YES;
				COPY_PHASE_STRIP = NO;
				DEBUG_INFORMATION_FORMAT = "dwarf-with-dsym";
				ENABLE_NS_ASSERTIONS = NO;
				ENABLE_STRICT_OBJC_MSGSEND = YES;
				GCC_C_LANGUAGE_STANDARD = gnu11;
				GCC_NO_COMMON_BLOCKS = YES;
				GCC_WARN_64_TO_32_BIT_CONVERSION = YES;
				GCC_WARN_ABOUT_RETURN_TYPE = YES_ERROR;
				GCC_WARN_UNDECLARED_SELECTOR = YES;
				GCC_WARN_UNINITIALIZED_AUTOS = YES_AGGRESSIVE;
				GCC_WARN_UNUSED_FUNCTION = YES;
				GCC_WARN_UNUSED_VARIABLE = YES;
				IPHONEOS_DEPLOYMENT_TARGET = 13.2;
				MTL_ENABLE_DEBUG_INFO = NO;
				MTL_FAST_MATH = YES;
				SDKROOT = iphoneos;
				SWIFT_COMPILATION_MODE = wholemodule;
				SWIFT_OPTIMIZATION_LEVEL = "-O";
				VALIDATE_PRODUCT = YES;
			};
			name = Release;
		};
		57CF4E2124544DD0005B92CB /* Debug */ = {
			isa = XCBuildConfiguration;
			baseConfigurationReference = 4D9BF9698DD70D0C8F71FDC3 /* Pods-testTask.debug.xcconfig */;
			buildSettings = {
				ASSETCATALOG_COMPILER_APPICON_NAME = AppIcon;
				CODE_SIGN_STYLE = Automatic;
				DEVELOPMENT_TEAM = VZVGW647BZ;
				INFOPLIST_FILE = testTask/Info.plist;
				IPHONEOS_DEPLOYMENT_TARGET = 11.0;
				LD_RUNPATH_SEARCH_PATHS = (
					"$(inherited)",
					"@executable_path/Frameworks",
				);
				PRODUCT_BUNDLE_IDENTIFIER = unum.testTask;
				PRODUCT_NAME = "$(TARGET_NAME)";
				SWIFT_VERSION = 5.0;
				TARGETED_DEVICE_FAMILY = 1;
			};
			name = Debug;
		};
		57CF4E2224544DD0005B92CB /* Release */ = {
			isa = XCBuildConfiguration;
			baseConfigurationReference = B528E6475578F59604BEBB30 /* Pods-testTask.release.xcconfig */;
			buildSettings = {
				ASSETCATALOG_COMPILER_APPICON_NAME = AppIcon;
				CODE_SIGN_STYLE = Automatic;
				DEVELOPMENT_TEAM = VZVGW647BZ;
				INFOPLIST_FILE = testTask/Info.plist;
				IPHONEOS_DEPLOYMENT_TARGET = 11.0;
				LD_RUNPATH_SEARCH_PATHS = (
					"$(inherited)",
					"@executable_path/Frameworks",
				);
				PRODUCT_BUNDLE_IDENTIFIER = unum.testTask;
				PRODUCT_NAME = "$(TARGET_NAME)";
				SWIFT_VERSION = 5.0;
				TARGETED_DEVICE_FAMILY = 1;
			};
			name = Release;
		};
/* End XCBuildConfiguration section */

/* Begin XCConfigurationList section */
		57CF4E0724544DC9005B92CB /* Build configuration list for PBXProject "testTask" */ = {
			isa = XCConfigurationList;
			buildConfigurations = (
				57CF4E1E24544DD0005B92CB /* Debug */,
				57CF4E1F24544DD0005B92CB /* Release */,
			);
			defaultConfigurationIsVisible = 0;
			defaultConfigurationName = Release;
		};
		57CF4E2024544DD0005B92CB /* Build configuration list for PBXNativeTarget "testTask" */ = {
			isa = XCConfigurationList;
			buildConfigurations = (
				57CF4E2124544DD0005B92CB /* Debug */,
				57CF4E2224544DD0005B92CB /* Release */,
			);
			defaultConfigurationIsVisible = 0;
			defaultConfigurationName = Release;
		};
/* End XCConfigurationList section */
	};
	rootObject = 57CF4E0424544DC9005B92CB /* Project object */;
}
